
Microsoft Visual Studio Solution File, Format Version 12.00
# Visual Studio Version 16
VisualStudioVersion = 16.0.30413.136
MinimumVisualStudioVersion = 10.0.40219.1
Project("{FAE04EC0-301F-11D3-BF4B-00C04F79EFBC}") = "MegaScryptLib", "MegaScryptLib\MegaScryptLib.csproj", "{D472138C-0A03-47BA-BBA4-6E7026E4A47B}"
EndProject
Project("{FAE04EC0-301F-11D3-BF4B-00C04F79EFBC}") = "MegaScryptTests", "MegaScryptTests\MegaScryptTests.csproj", "{E17FCBB2-CD45-48C0-B5AD-759886727429}"
EndProject
Project("{FAE04EC0-301F-11D3-BF4B-00C04F79EFBC}") = "MegaScryptConsole", "MegaScryptConsole\MegaScryptConsole.csproj", "{C2041281-7505-4F85-8F62-45FAC406380C}"
EndProject
Global
	GlobalSection(SolutionConfigurationPlatforms) = preSolution
		Debug|Any CPU = Debug|Any CPU
		Release|Any CPU = Release|Any CPU
	EndGlobalSection
	GlobalSection(ProjectConfigurationPlatforms) = postSolution
		{D472138C-0A03-47BA-BBA4-6E7026E4A47B}.Debug|Any CPU.ActiveCfg = Debug|Any CPU
		{D472138C-0A03-47BA-BBA4-6E7026E4A47B}.Debug|Any CPU.Build.0 = Debug|Any CPU
		{D472138C-0A03-47BA-BBA4-6E7026E4A47B}.Release|Any CPU.ActiveCfg = Release|Any CPU
		{D472138C-0A03-47BA-BBA4-6E7026E4A47B}.Release|Any CPU.Build.0 = Release|Any CPU
		{E17FCBB2-CD45-48C0-B5AD-759886727429}.Debug|Any CPU.ActiveCfg = Debug|Any CPU
		{E17FCBB2-CD45-48C0-B5AD-759886727429}.Debug|Any CPU.Build.0 = Debug|Any CPU
		{E17FCBB2-CD45-48C0-B5AD-759886727429}.Release|Any CPU.ActiveCfg = Release|Any CPU
		{E17FCBB2-CD45-48C0-B5AD-759886727429}.Release|Any CPU.Build.0 = Release|Any CPU
		{C2041281-7505-4F85-8F62-45FAC406380C}.Debug|Any CPU.ActiveCfg = Debug|Any CPU
		{C2041281-7505-4F85-8F62-45FAC406380C}.Debug|Any CPU.Build.0 = Debug|Any CPU
		{C2041281-7505-4F85-8F62-45FAC406380C}.Release|Any CPU.ActiveCfg = Release|Any CPU
		{C2041281-7505-4F85-8F62-45FAC406380C}.Release|Any CPU.Build.0 = Release|Any CPU
	EndGlobalSection
	GlobalSection(SolutionProperties) = preSolution
		HideSolutionNode = FALSE
	EndGlobalSection
	GlobalSection(ExtensibilityGlobals) = postSolution
		SolutionGuid = {EA0DCEAC-5EDF-49C5-AE6A-4799AE12C83A}
	EndGlobalSection
EndGlobal
